
Microsoft Visual Studio Solution File, Format Version 10.00
# Visual Studio 2008
Project("{FAE04EC0-301F-11D3-BF4B-00C04F79EFBC}") = "D201FinalExam", "D201FinalExam\D201FinalExam.csproj", "{7AE099B6-3BA1-45A9-99E9-66C8D3B5A1CE}"
EndProject
Global
	GlobalSection(SolutionConfigurationPlatforms) = preSolution
		Debug|Any CPU = Debug|Any CPU
		Release|Any CPU = Release|Any CPU
	EndGlobalSection
	GlobalSection(ProjectConfigurationPlatforms) = postSolution
		{7AE099B6-3BA1-45A9-99E9-66C8D3B5A1CE}.Debug|Any CPU.ActiveCfg = Debug|Any CPU
		{7AE099B6-3BA1-45A9-99E9-66C8D3B5A1CE}.Debug|Any CPU.Build.0 = Debug|Any CPU
		{7AE099B6-3BA1-45A9-99E9-66C8D3B5A1CE}.Release|Any CPU.ActiveCfg = Release|Any CPU
		{7AE099B6-3BA1-45A9-99E9-66C8D3B5A1CE}.Release|Any CPU.Build.0 = Release|Any CPU
	EndGlobalSection
	GlobalSection(SolutionProperties) = preSolution
		HideSolutionNode = FALSE
	EndGlobalSection
EndGlobal
